// !$*UTF8*$!
{
	archiveVersion = 1;
	classes = {
	};
	objectVersion = 50;
	objects = {

/* Begin PBXBuildFile section */
		D910826520A5D93C0026A235 /* AppDelegate.m in Sources */ = {isa = PBXBuildFile; fileRef = D910826420A5D93C0026A235 /* AppDelegate.m */; };
		D910826D20A5D93E0026A235 /* Assets.xcassets in Resources */ = {isa = PBXBuildFile; fileRef = D910826C20A5D93E0026A235 /* Assets.xcassets */; };
		D910827320A5D93E0026A235 /* main.m in Sources */ = {isa = PBXBuildFile; fileRef = D910827220A5D93E0026A235 /* main.m */; };
		D910828020A5D9730026A235 /* Messages.framework in Frameworks */ = {isa = PBXBuildFile; fileRef = D910827F20A5D9730026A235 /* Messages.framework */; };
		D910828420A5D9730026A235 /* MessagesViewController.m in Sources */ = {isa = PBXBuildFile; fileRef = D910828320A5D9730026A235 /* MessagesViewController.m */; };
		D910828920A5D9740026A235 /* Assets.xcassets in Resources */ = {isa = PBXBuildFile; fileRef = D910828820A5D9740026A235 /* Assets.xcassets */; };
		D910828D20A5D9740026A235 /* iMessageFengNiao.appex in Embed App Extensions */ = {isa = PBXBuildFile; fileRef = D910827D20A5D9730026A235 /* iMessageFengNiao.appex */; settings = {ATTRIBUTES = (RemoveHeadersOnCopy, ); }; };
		D910829720A5DB340026A235 /* Messages.framework in Frameworks */ = {isa = PBXBuildFile; fileRef = D910827F20A5D9730026A235 /* Messages.framework */; };
		D910829B20A5DB340026A235 /* MessagesViewController.m in Sources */ = {isa = PBXBuildFile; fileRef = D910829A20A5DB340026A235 /* MessagesViewController.m */; };
		D91082A020A5DB350026A235 /* Assets.xcassets in Resources */ = {isa = PBXBuildFile; fileRef = D910829F20A5DB350026A235 /* Assets.xcassets */; };
		D91082A420A5DB350026A235 /* iMessage2FengNiao.appex in Embed App Extensions */ = {isa = PBXBuildFile; fileRef = D910829620A5DB340026A235 /* iMessage2FengNiao.appex */; settings = {ATTRIBUTES = (RemoveHeadersOnCopy, ); }; };
/* End PBXBuildFile section */

/* Begin PBXContainerItemProxy section */
		D910828B20A5D9740026A235 /* PBXContainerItemProxy */ = {
			isa = PBXContainerItemProxy;
			containerPortal = D910825820A5D93C0026A235 /* Project object */;
			proxyType = 1;
			remoteGlobalIDString = D910827C20A5D9730026A235;
			remoteInfo = iMessageFengNiao;
		};
		D91082A220A5DB350026A235 /* PBXContainerItemProxy */ = {
			isa = PBXContainerItemProxy;
			containerPortal = D910825820A5D93C0026A235 /* Project object */;
			proxyType = 1;
			remoteGlobalIDString = D910829520A5DB340026A235;
			remoteInfo = iMessage2FengNiao;
		};
/* End PBXContainerItemProxy section */

/* Begin PBXCopyFilesBuildPhase section */
		D910829120A5D9740026A235 /* Embed App Extensions */ = {
			isa = PBXCopyFilesBuildPhase;
			buildActionMask = 2147483647;
			dstPath = "";
			dstSubfolderSpec = 13;
			files = (
				D91082A420A5DB350026A235 /* iMessage2FengNiao.appex in Embed App Extensions */,
				D910828D20A5D9740026A235 /* iMessageFengNiao.appex in Embed App Extensions */,
			);
			name = "Embed App Extensions";
			runOnlyForDeploymentPostprocessing = 0;
		};
/* End PBXCopyFilesBuildPhase section */

/* Begin PBXFileReference section */
		D910826020A5D93C0026A235 /* FengNiaoPbxprojSearcher.app */ = {isa = PBXFileReference; explicitFileType = wrapper.application; includeInIndex = 0; path = FengNiaoPbxprojSearcher.app; sourceTree = BUILT_PRODUCTS_DIR; };
		D910826320A5D93C0026A235 /* AppDelegate.h */ = {isa = PBXFileReference; lastKnownFileType = sourcecode.c.h; path = AppDelegate.h; sourceTree = "<group>"; };
		D910826420A5D93C0026A235 /* AppDelegate.m */ = {isa = PBXFileReference; lastKnownFileType = sourcecode.c.objc; path = AppDelegate.m; sourceTree = "<group>"; };
		D910826C20A5D93E0026A235 /* Assets.xcassets */ = {isa = PBXFileReference; lastKnownFileType = folder.assetcatalog; path = Assets.xcassets; sourceTree = "<group>"; };
		D910827120A5D93E0026A235 /* Info.plist */ = {isa = PBXFileReference; lastKnownFileType = text.plist.xml; path = Info.plist; sourceTree = "<group>"; };
		D910827220A5D93E0026A235 /* main.m */ = {isa = PBXFileReference; lastKnownFileType = sourcecode.c.objc; path = main.m; sourceTree = "<group>"; };
		D910827D20A5D9730026A235 /* iMessageFengNiao.appex */ = {isa = PBXFileReference; explicitFileType = "wrapper.app-extension"; includeInIndex = 0; path = iMessageFengNiao.appex; sourceTree = BUILT_PRODUCTS_DIR; };
		D910827F20A5D9730026A235 /* Messages.framework */ = {isa = PBXFileReference; lastKnownFileType = wrapper.framework; name = Messages.framework; path = System/Library/Frameworks/Messages.framework; sourceTree = SDKROOT; };
		D910828220A5D9730026A235 /* MessagesViewController.h */ = {isa = PBXFileReference; lastKnownFileType = sourcecode.c.h; path = MessagesViewController.h; sourceTree = "<group>"; };
		D910828320A5D9730026A235 /* MessagesViewController.m */ = {isa = PBXFileReference; lastKnownFileType = sourcecode.c.objc; path = MessagesViewController.m; sourceTree = "<group>"; };
		D910828820A5D9740026A235 /* Assets.xcassets */ = {isa = PBXFileReference; lastKnownFileType = folder.assetcatalog; path = Assets.xcassets; sourceTree = "<group>"; };
		D910828A20A5D9740026A235 /* Info.plist */ = {isa = PBXFileReference; lastKnownFileType = text.plist.xml; path = Info.plist; sourceTree = "<group>"; };
		D910829620A5DB340026A235 /* iMessage2FengNiao.appex */ = {isa = PBXFileReference; explicitFileType = "wrapper.app-extension"; includeInIndex = 0; path = iMessage2FengNiao.appex; sourceTree = BUILT_PRODUCTS_DIR; };
		D910829920A5DB340026A235 /* MessagesViewController.h */ = {isa = PBXFileReference; lastKnownFileType = sourcecode.c.h; path = MessagesViewController.h; sourceTree = "<group>"; };
		D910829A20A5DB340026A235 /* MessagesViewController.m */ = {isa = PBXFileReference; lastKnownFileType = sourcecode.c.objc; path = MessagesViewController.m; sourceTree = "<group>"; };
		D910829F20A5DB350026A235 /* Assets.xcassets */ = {isa = PBXFileReference; lastKnownFileType = folder.assetcatalog; path = Assets.xcassets; sourceTree = "<group>"; };
		D91082A120A5DB350026A235 /* Info.plist */ = {isa = PBXFileReference; lastKnownFileType = text.plist.xml; path = Info.plist; sourceTree = "<group>"; };
/* End PBXFileReference section */

/* Begin PBXFrameworksBuildPhase section */
		D910825D20A5D93C0026A235 /* Frameworks */ = {
			isa = PBXFrameworksBuildPhase;
			buildActionMask = 2147483647;
			files = (
			);
			runOnlyForDeploymentPostprocessing = 0;
		};
		D910827A20A5D9730026A235 /* Frameworks */ = {
			isa = PBXFrameworksBuildPhase;
			buildActionMask = 2147483647;
			files = (
				D910828020A5D9730026A235 /* Messages.framework in Frameworks */,
			);
			runOnlyForDeploymentPostprocessing = 0;
		};
		D910829320A5DB340026A235 /* Frameworks */ = {
			isa = PBXFrameworksBuildPhase;
			buildActionMask = 2147483647;
			files = (
				D910829720A5DB340026A235 /* Messages.framework in Frameworks */,
			);
			runOnlyForDeploymentPostprocessing = 0;
		};
/* End PBXFrameworksBuildPhase section */

/* Begin PBXGroup section */
		D910825720A5D93C0026A235 = {
			isa = PBXGroup;
			children = (
				D910826220A5D93C0026A235 /* FengNiaoPbxprojSearcher */,
				D910828120A5D9730026A235 /* iMessageFengNiao */,
				D910829820A5DB340026A235 /* iMessage2FengNiao */,
				D910827E20A5D9730026A235 /* Frameworks */,
				D910826120A5D93C0026A235 /* Products */,
			);
			sourceTree = "<group>";
		};
		D910826120A5D93C0026A235 /* Products */ = {
			isa = PBXGroup;
			children = (
				D910826020A5D93C0026A235 /* FengNiaoPbxprojSearcher.app */,
				D910827D20A5D9730026A235 /* iMessageFengNiao.appex */,
				D910829620A5DB340026A235 /* iMessage2FengNiao.appex */,
			);
			name = Products;
			sourceTree = "<group>";
		};
		D910826220A5D93C0026A235 /* FengNiaoPbxprojSearcher */ = {
			isa = PBXGroup;
			children = (
				D910826320A5D93C0026A235 /* AppDelegate.h */,
				D910826420A5D93C0026A235 /* AppDelegate.m */,
				D910826C20A5D93E0026A235 /* Assets.xcassets */,
				D910827120A5D93E0026A235 /* Info.plist */,
				D910827220A5D93E0026A235 /* main.m */,
			);
			path = FengNiaoPbxprojSearcher;
			sourceTree = "<group>";
		};
		D910827E20A5D9730026A235 /* Frameworks */ = {
			isa = PBXGroup;
			children = (
				D910827F20A5D9730026A235 /* Messages.framework */,
			);
			name = Frameworks;
			sourceTree = "<group>";
		};
		D910828120A5D9730026A235 /* iMessageFengNiao */ = {
			isa = PBXGroup;
			children = (
				D910828220A5D9730026A235 /* MessagesViewController.h */,
				D910828320A5D9730026A235 /* MessagesViewController.m */,
				D910828820A5D9740026A235 /* Assets.xcassets */,
				D910828A20A5D9740026A235 /* Info.plist */,
			);
			path = iMessageFengNiao;
			sourceTree = "<group>";
		};
		D910829820A5DB340026A235 /* iMessage2FengNiao */ = {
			isa = PBXGroup;
			children = (
				D910829920A5DB340026A235 /* MessagesViewController.h */,
				D910829A20A5DB340026A235 /* MessagesViewController.m */,
				D910829F20A5DB350026A235 /* Assets.xcassets */,
				D91082A120A5DB350026A235 /* Info.plist */,
			);
			path = iMessage2FengNiao;
			sourceTree = "<group>";
		};
/* End PBXGroup section */

/* Begin PBXNativeTarget section */
		D910825F20A5D93C0026A235 /* FengNiaoPbxprojSearcher */ = {
			isa = PBXNativeTarget;
			buildConfigurationList = D910827620A5D93E0026A235 /* Build configuration list for PBXNativeTarget "FengNiaoPbxprojSearcher" */;
			buildPhases = (
				D910825C20A5D93C0026A235 /* Sources */,
				D910825D20A5D93C0026A235 /* Frameworks */,
				D910825E20A5D93C0026A235 /* Resources */,
				D910829120A5D9740026A235 /* Embed App Extensions */,
			);
			buildRules = (
			);
			dependencies = (
				D910828C20A5D9740026A235 /* PBXTargetDependency */,
				D91082A320A5DB350026A235 /* PBXTargetDependency */,
			);
			name = FengNiaoPbxprojSearcher;
			productName = FengNiaoPbxprojSearcher;
			productReference = D910826020A5D93C0026A235 /* FengNiaoPbxprojSearcher.app */;
			productType = "com.apple.product-type.application";
		};
		D910827C20A5D9730026A235 /* iMessageFengNiao */ = {
			isa = PBXNativeTarget;
			buildConfigurationList = D910828E20A5D9740026A235 /* Build configuration list for PBXNativeTarget "iMessageFengNiao" */;
			buildPhases = (
				D910827920A5D9730026A235 /* Sources */,
				D910827A20A5D9730026A235 /* Frameworks */,
				D910827B20A5D9730026A235 /* Resources */,
			);
			buildRules = (
			);
			dependencies = (
			);
			name = iMessageFengNiao;
			productName = iMessageFengNiao;
			productReference = D910827D20A5D9730026A235 /* iMessageFengNiao.appex */;
			productType = "com.apple.product-type.app-extension.messages";
		};
		D910829520A5DB340026A235 /* iMessage2FengNiao */ = {
			isa = PBXNativeTarget;
			buildConfigurationList = D91082A520A5DB350026A235 /* Build configuration list for PBXNativeTarget "iMessage2FengNiao" */;
			buildPhases = (
				D910829220A5DB340026A235 /* Sources */,
				D910829320A5DB340026A235 /* Frameworks */,
				D910829420A5DB340026A235 /* Resources */,
			);
			buildRules = (
			);
			dependencies = (
			);
			name = iMessage2FengNiao;
			productName = iMessage2FengNiao;
			productReference = D910829620A5DB340026A235 /* iMessage2FengNiao.appex */;
			productType = "com.apple.product-type.app-extension.messages";
		};
/* End PBXNativeTarget section */

/* Begin PBXProject section */
		D910825820A5D93C0026A235 /* Project object */ = {
			isa = PBXProject;
			attributes = {
				LastUpgradeCheck = 0930;
				ORGANIZATIONNAME = FengNiao;
				TargetAttributes = {
					D910825F20A5D93C0026A235 = {
						CreatedOnToolsVersion = 9.3;
					};
					D910827C20A5D9730026A235 = {
						CreatedOnToolsVersion = 9.3;
					};
					D910829520A5DB340026A235 = {
						CreatedOnToolsVersion = 9.3;
					};
				};
			};
			buildConfigurationList = D910825B20A5D93C0026A235 /* Build configuration list for PBXProject "FengNiaoPbxprojSearcher" */;
			compatibilityVersion = "Xcode 9.3";
			developmentRegion = en;
			hasScannedForEncodings = 0;
			knownRegions = (
				en,
				Base,
			);
			mainGroup = D910825720A5D93C0026A235;
			productRefGroup = D910826120A5D93C0026A235 /* Products */;
			projectDirPath = "";
			projectRoot = "";
			targets = (
				D910825F20A5D93C0026A235 /* FengNiaoPbxprojSearcher */,
				D910827C20A5D9730026A235 /* iMessageFengNiao */,
				D910829520A5DB340026A235 /* iMessage2FengNiao */,
			);
		};
/* End PBXProject section */

/* Begin PBXResourcesBuildPhase section */
		D910825E20A5D93C0026A235 /* Resources */ = {
			isa = PBXResourcesBuildPhase;
			buildActionMask = 2147483647;
			files = (
				D910826D20A5D93E0026A235 /* Assets.xcassets in Resources */,
			);
			runOnlyForDeploymentPostprocessing = 0;
		};
		D910827B20A5D9730026A235 /* Resources */ = {
			isa = PBXResourcesBuildPhase;
			buildActionMask = 2147483647;
			files = (
				D910828920A5D9740026A235 /* Assets.xcassets in Resources */,
			);
			runOnlyForDeploymentPostprocessing = 0;
		};
		D910829420A5DB340026A235 /* Resources */ = {
			isa = PBXResourcesBuildPhase;
			buildActionMask = 2147483647;
			files = (
				D91082A020A5DB350026A235 /* Assets.xcassets in Resources */,
			);
			runOnlyForDeploymentPostprocessing = 0;
		};
/* End PBXResourcesBuildPhase section */

/* Begin PBXSourcesBuildPhase section */
		D910825C20A5D93C0026A235 /* Sources */ = {
			isa = PBXSourcesBuildPhase;
			buildActionMask = 2147483647;
			files = (
				D910827320A5D93E0026A235 /* main.m in Sources */,
				D910826520A5D93C0026A235 /* AppDelegate.m in Sources */,
			);
			runOnlyForDeploymentPostprocessing = 0;
		};
		D910827920A5D9730026A235 /* Sources */ = {
			isa = PBXSourcesBuildPhase;
			buildActionMask = 2147483647;
			files = (
				D910828420A5D9730026A235 /* MessagesViewController.m in Sources */,
			);
			runOnlyForDeploymentPostprocessing = 0;
		};
		D910829220A5DB340026A235 /* Sources */ = {
			isa = PBXSourcesBuildPhase;
			buildActionMask = 2147483647;
			files = (
				D910829B20A5DB340026A235 /* MessagesViewController.m in Sources */,
			);
			runOnlyForDeploymentPostprocessing = 0;
		};
/* End PBXSourcesBuildPhase section */

/* Begin PBXTargetDependency section */
		D910828C20A5D9740026A235 /* PBXTargetDependency */ = {
			isa = PBXTargetDependency;
			target = D910827C20A5D9730026A235 /* iMessageFengNiao */;
			targetProxy = D910828B20A5D9740026A235 /* PBXContainerItemProxy */;
		};
		D91082A320A5DB350026A235 /* PBXTargetDependency */ = {
			isa = PBXTargetDependency;
			target = D910829520A5DB340026A235 /* iMessage2FengNiao */;
			targetProxy = D91082A220A5DB350026A235 /* PBXContainerItemProxy */;
		};
/* End PBXTargetDependency section */

/* Begin XCBuildConfiguration section */
		D910827420A5D93E0026A235 /* Debug */ = {
			isa = XCBuildConfiguration;
			buildSettings = {
				ALWAYS_SEARCH_USER_PATHS = NO;
				CLANG_ANALYZER_NONNULL = YES;
				CLANG_ANALYZER_NUMBER_OBJECT_CONVERSION = YES_AGGRESSIVE;
				CLANG_CXX_LANGUAGE_STANDARD = "gnu++14";
				CLANG_CXX_LIBRARY = "libc++";
				CLANG_ENABLE_MODULES = YES;
				CLANG_ENABLE_OBJC_ARC = YES;
				CLANG_ENABLE_OBJC_WEAK = YES;
				CLANG_WARN_BLOCK_CAPTURE_AUTORELEASING = YES;
				CLANG_WARN_BOOL_CONVERSION = YES;
				CLANG_WARN_COMMA = YES;
				CLANG_WARN_CONSTANT_CONVERSION = YES;
				CLANG_WARN_DEPRECATED_OBJC_IMPLEMENTATIONS = YES;
				CLANG_WARN_DIRECT_OBJC_ISA_USAGE = YES_ERROR;
				CLANG_WARN_DOCUMENTATION_COMMENTS = YES;
				CLANG_WARN_EMPTY_BODY = YES;
				CLANG_WARN_ENUM_CONVERSION = YES;
				CLANG_WARN_INFINITE_RECURSION = YES;
				CLANG_WARN_INT_CONVERSION = YES;
				CLANG_WARN_NON_LITERAL_NULL_CONVERSION = YES;
				CLANG_WARN_OBJC_IMPLICIT_RETAIN_SELF = YES;
				CLANG_WARN_OBJC_LITERAL_CONVERSION = YES;
				CLANG_WARN_OBJC_ROOT_CLASS = YES_ERROR;
				CLANG_WARN_RANGE_LOOP_ANALYSIS = YES;
				CLANG_WARN_STRICT_PROTOTYPES = YES;
				CLANG_WARN_SUSPICIOUS_MOVE = YES;
				CLANG_WARN_UNGUARDED_AVAILABILITY = YES_AGGRESSIVE;
				CLANG_WARN_UNREACHABLE_CODE = YES;
				CLANG_WARN__DUPLICATE_METHOD_MATCH = YES;
				CODE_SIGN_IDENTITY = "iPhone Developer";
				COPY_PHASE_STRIP = NO;
				DEBUG_INFORMATION_FORMAT = dwarf;
				ENABLE_STRICT_OBJC_MSGSEND = YES;
				ENABLE_TESTABILITY = YES;
				GCC_C_LANGUAGE_STANDARD = gnu11;
				GCC_DYNAMIC_NO_PIC = NO;
				GCC_NO_COMMON_BLOCKS = YES;
				GCC_OPTIMIZATION_LEVEL = 0;
				GCC_PREPROCESSOR_DEFINITIONS = (
					"DEBUG=1",
					"$(inherited)",
				);
				GCC_WARN_64_TO_32_BIT_CONVERSION = YES;
				GCC_WARN_ABOUT_RETURN_TYPE = YES_ERROR;
				GCC_WARN_UNDECLARED_SELECTOR = YES;
				GCC_WARN_UNINITIALIZED_AUTOS = YES_AGGRESSIVE;
				GCC_WARN_UNUSED_FUNCTION = YES;
				GCC_WARN_UNUSED_VARIABLE = YES;
				IPHONEOS_DEPLOYMENT_TARGET = 11.3;
				MTL_ENABLE_DEBUG_INFO = YES;
				ONLY_ACTIVE_ARCH = YES;
				SDKROOT = iphoneos;
			};
			name = Debug;
		};
		D910827520A5D93E0026A235 /* Release */ = {
			isa = XCBuildConfiguration;
			buildSettings = {
				ALWAYS_SEARCH_USER_PATHS = NO;
				CLANG_ANALYZER_NONNULL = YES;
				CLANG_ANALYZER_NUMBER_OBJECT_CONVERSION = YES_AGGRESSIVE;
				CLANG_CXX_LANGUAGE_STANDARD = "gnu++14";
				CLANG_CXX_LIBRARY = "libc++";
				CLANG_ENABLE_MODULES = YES;
				CLANG_ENABLE_OBJC_ARC = YES;
				CLANG_ENABLE_OBJC_WEAK = YES;
				CLANG_WARN_BLOCK_CAPTURE_AUTORELEASING = YES;
				CLANG_WARN_BOOL_CONVERSION = YES;
				CLANG_WARN_COMMA = YES;
				CLANG_WARN_CONSTANT_CONVERSION = YES;
				CLANG_WARN_DEPRECATED_OBJC_IMPLEMENTATIONS = YES;
				CLANG_WARN_DIRECT_OBJC_ISA_USAGE = YES_ERROR;
				CLANG_WARN_DOCUMENTATION_COMMENTS = YES;
				CLANG_WARN_EMPTY_BODY = YES;
				CLANG_WARN_ENUM_CONVERSION = YES;
				CLANG_WARN_INFINITE_RECURSION = YES;
				CLANG_WARN_INT_CONVERSION = YES;
				CLANG_WARN_NON_LITERAL_NULL_CONVERSION = YES;
				CLANG_WARN_OBJC_IMPLICIT_RETAIN_SELF = YES;
				CLANG_WARN_OBJC_LITERAL_CONVERSION = YES;
				CLANG_WARN_OBJC_ROOT_CLASS = YES_ERROR;
				CLANG_WARN_RANGE_LOOP_ANALYSIS = YES;
				CLANG_WARN_STRICT_PROTOTYPES = YES;
				CLANG_WARN_SUSPICIOUS_MOVE = YES;
				CLANG_WARN_UNGUARDED_AVAILABILITY = YES_AGGRESSIVE;
				CLANG_WARN_UNREACHABLE_CODE = YES;
				CLANG_WARN__DUPLICATE_METHOD_MATCH = YES;
				CODE_SIGN_IDENTITY = "iPhone Developer";
				COPY_PHASE_STRIP = NO;
				DEBUG_INFORMATION_FORMAT = "dwarf-with-dsym";
				ENABLE_NS_ASSERTIONS = NO;
				ENABLE_STRICT_OBJC_MSGSEND = YES;
				GCC_C_LANGUAGE_STANDARD = gnu11;
				GCC_NO_COMMON_BLOCKS = YES;
				GCC_WARN_64_TO_32_BIT_CONVERSION = YES;
				GCC_WARN_ABOUT_RETURN_TYPE = YES_ERROR;
				GCC_WARN_UNDECLARED_SELECTOR = YES;
				GCC_WARN_UNINITIALIZED_AUTOS = YES_AGGRESSIVE;
				GCC_WARN_UNUSED_FUNCTION = YES;
				GCC_WARN_UNUSED_VARIABLE = YES;
				IPHONEOS_DEPLOYMENT_TARGET = 11.3;
				MTL_ENABLE_DEBUG_INFO = NO;
				SDKROOT = iphoneos;
				VALIDATE_PRODUCT = YES;
			};
			name = Release;
		};
		D910827720A5D93E0026A235 /* Debug */ = {
			isa = XCBuildConfiguration;
			buildSettings = {
				ASSETCATALOG_COMPILER_APPICON_NAME = AppIcon;
				CODE_SIGN_STYLE = Automatic;
				INFOPLIST_FILE = FengNiaoPbxprojSearcher/Info.plist;
				LD_RUNPATH_SEARCH_PATHS = (
					"$(inherited)",
					"@executable_path/Frameworks",
				);
				PRODUCT_BUNDLE_IDENTIFIER = FengNiao.FengNiaoPbxprojSearcher;
				PRODUCT_NAME = "$(TARGET_NAME)";
				TARGETED_DEVICE_FAMILY = "1,2";
			};
			name = Debug;
		};
		D910827820A5D93E0026A235 /* Release */ = {
			isa = XCBuildConfiguration;
			buildSettings = {
				ASSETCATALOG_COMPILER_APPICON_NAME = AppIcon;
				CODE_SIGN_STYLE = Automatic;
				INFOPLIST_FILE = FengNiaoPbxprojSearcher/Info.plist;
				LD_RUNPATH_SEARCH_PATHS = (
					"$(inherited)",
					"@executable_path/Frameworks",
				);
				PRODUCT_BUNDLE_IDENTIFIER = FengNiao.FengNiaoPbxprojSearcher;
				PRODUCT_NAME = "$(TARGET_NAME)";
				TARGETED_DEVICE_FAMILY = "1,2";
			};
			name = Release;
		};
		D910828F20A5D9740026A235 /* Debug */ = {
			isa = XCBuildConfiguration;
			buildSettings = {
				ASSETCATALOG_COMPILER_APPICON_NAME = MessagesIcon;
				CODE_SIGN_STYLE = Automatic;
				INFOPLIST_FILE = iMessageFengNiao/Info.plist;
				LD_RUNPATH_SEARCH_PATHS = (
					"$(inherited)",
					"@executable_path/Frameworks",
					"@executable_path/../../Frameworks",
				);
				PRODUCT_BUNDLE_IDENTIFIER = FengNiao.FengNiaoPbxprojSearcher.iMessageFengNiao;
				PRODUCT_NAME = "$(TARGET_NAME)";
				SKIP_INSTALL = YES;
				TARGETED_DEVICE_FAMILY = "1,2";
			};
			name = Debug;
		};
		D910829020A5D9740026A235 /* Release */ = {
			isa = XCBuildConfiguration;
			buildSettings = {
				ASSETCATALOG_COMPILER_APPICON_NAME = MessagesIcon;
				CODE_SIGN_STYLE = Automatic;
				INFOPLIST_FILE = iMessageFengNiao/Info.plist;
				LD_RUNPATH_SEARCH_PATHS = (
					"$(inherited)",
					"@executable_path/Frameworks",
					"@executable_path/../../Frameworks",
				);
				PRODUCT_BUNDLE_IDENTIFIER = FengNiao.FengNiaoPbxprojSearcher.iMessageFengNiao;
				PRODUCT_NAME = "$(TARGET_NAME)";
				SKIP_INSTALL = YES;
				TARGETED_DEVICE_FAMILY = "1,2";
			};
			name = Release;
		};
		D91082A620A5DB350026A235 /* Debug */ = {
			isa = XCBuildConfiguration;
			buildSettings = {
				ASSETCATALOG_COMPILER_APPICON_NAME = "iMessage App Icon";
				CODE_SIGN_STYLE = Automatic;
				INFOPLIST_FILE = iMessage2FengNiao/Info.plist;
				LD_RUNPATH_SEARCH_PATHS = (
					"$(inherited)",
					"@executable_path/Frameworks",
					"@executable_path/../../Frameworks",
				);
				PRODUCT_BUNDLE_IDENTIFIER = FengNiao.FengNiaoPbxprojSearcher.iMessage2FengNiao;
				PRODUCT_NAME = "$(TARGET_NAME)";
				SKIP_INSTALL = YES;
				TARGETED_DEVICE_FAMILY = "1,2";
			};
			name = Debug;
		};
		D91082A720A5DB350026A235 /* Release */ = {
			isa = XCBuildConfiguration;
			buildSettings = {
				ASSETCATALOG_COMPILER_APPICON_NAME = "iMessage App Icon";
				CODE_SIGN_STYLE = Automatic;
				INFOPLIST_FILE = iMessage2FengNiao/Info.plist;
				LD_RUNPATH_SEARCH_PATHS = (
					"$(inherited)",
					"@executable_path/Frameworks",
					"@executable_path/../../Frameworks",
				);
				PRODUCT_BUNDLE_IDENTIFIER = FengNiao.FengNiaoPbxprojSearcher.iMessage2FengNiao;
				PRODUCT_NAME = "$(TARGET_NAME)";
				SKIP_INSTALL = YES;
				TARGETED_DEVICE_FAMILY = "1,2";
			};
			name = Release;
		};
/* End XCBuildConfiguration section */

/* Begin XCConfigurationList section */
		D910825B20A5D93C0026A235 /* Build configuration list for PBXProject "FengNiaoPbxprojSearcher" */ = {
			isa = XCConfigurationList;
			buildConfigurations = (
				D910827420A5D93E0026A235 /* Debug */,
				D910827520A5D93E0026A235 /* Release */,
			);
			defaultConfigurationIsVisible = 0;
			defaultConfigurationName = Release;
		};
		D910827620A5D93E0026A235 /* Build configuration list for PBXNativeTarget "FengNiaoPbxprojSearcher" */ = {
			isa = XCConfigurationList;
			buildConfigurations = (
				D910827720A5D93E0026A235 /* Debug */,
				D910827820A5D93E0026A235 /* Release */,
			);
			defaultConfigurationIsVisible = 0;
			defaultConfigurationName = Release;
		};
		D910828E20A5D9740026A235 /* Build configuration list for PBXNativeTarget "iMessageFengNiao" */ = {
			isa = XCConfigurationList;
			buildConfigurations = (
				D910828F20A5D9740026A235 /* Debug */,
				D910829020A5D9740026A235 /* Release */,
			);
			defaultConfigurationIsVisible = 0;
			defaultConfigurationName = Release;
		};
		D91082A520A5DB350026A235 /* Build configuration list for PBXNativeTarget "iMessage2FengNiao" */ = {
			isa = XCConfigurationList;
			buildConfigurations = (
				D91082A620A5DB350026A235 /* Debug */,
				D91082A720A5DB350026A235 /* Release */,
			);
			defaultConfigurationIsVisible = 0;
			defaultConfigurationName = Release;
		};
/* End XCConfigurationList section */
	};
	rootObject = D910825820A5D93C0026A235 /* Project object */;
}
