// !$*UTF8*$!
{
	archiveVersion = 1;
	classes = {
	};
	objectVersion = 56;
	objects = {

/* Begin PBXBuildFile section */
		6AAF22A82AA1D0F400DB0B5F /* FengNiaoApp.swift in Sources */ = {isa = PBXBuildFile; fileRef = 6AAF22A72AA1D0F400DB0B5F /* FengNiaoApp.swift */; };
		6AAF22AA2AA1D0F400DB0B5F /* AppView.swift in Sources */ = {isa = PBXBuildFile; fileRef = 6AAF22A92AA1D0F400DB0B5F /* AppView.swift */; };
		6AAF22AC2AA1D0F500DB0B5F /* Assets.xcassets in Resources */ = {isa = PBXBuildFile; fileRef = 6AAF22AB2AA1D0F500DB0B5F /* Assets.xcassets */; };
		6AAF22AF2AA1D0F500DB0B5F /* Preview Assets.xcassets in Resources */ = {isa = PBXBuildFile; fileRef = 6AAF22AE2AA1D0F500DB0B5F /* Preview Assets.xcassets */; };
		6AE869FC2AA1D41600DCF78B /* FengNiaoKit in Frameworks */ = {isa = PBXBuildFile; productRef = 6AE869FB2AA1D41600DCF78B /* FengNiaoKit */; };
		6AE869FE2AA1D58E00DCF78B /* AppViewModel.swift in Sources */ = {isa = PBXBuildFile; fileRef = 6AE869FD2AA1D58E00DCF78B /* AppViewModel.swift */; };
		6AE86A002AA1D5D800DCF78B /* DeleteView.swift in Sources */ = {isa = PBXBuildFile; fileRef = 6AE869FF2AA1D5D800DCF78B /* DeleteView.swift */; };
		6AE86A022AA1D5F700DCF78B /* DeleteViewModel.swift in Sources */ = {isa = PBXBuildFile; fileRef = 6AE86A012AA1D5F700DCF78B /* DeleteViewModel.swift */; };
		6AE86A042AA1D61600DCF78B /* ExportView.swift in Sources */ = {isa = PBXBuildFile; fileRef = 6AE86A032AA1D61600DCF78B /* ExportView.swift */; };
/* End PBXBuildFile section */

/* Begin PBXFileReference section */
		6AAF22A42AA1D0F400DB0B5F /* FengNiao.app */ = {isa = PBXFileReference; explicitFileType = wrapper.application; includeInIndex = 0; path = FengNiao.app; sourceTree = BUILT_PRODUCTS_DIR; };
		6AAF22A72AA1D0F400DB0B5F /* FengNiaoApp.swift */ = {isa = PBXFileReference; lastKnownFileType = sourcecode.swift; path = FengNiaoApp.swift; sourceTree = "<group>"; };
		6AAF22A92AA1D0F400DB0B5F /* AppView.swift */ = {isa = PBXFileReference; lastKnownFileType = sourcecode.swift; path = AppView.swift; sourceTree = "<group>"; };
		6AAF22AB2AA1D0F500DB0B5F /* Assets.xcassets */ = {isa = PBXFileReference; lastKnownFileType = folder.assetcatalog; path = Assets.xcassets; sourceTree = "<group>"; };
		6AAF22AE2AA1D0F500DB0B5F /* Preview Assets.xcassets */ = {isa = PBXFileReference; lastKnownFileType = folder.assetcatalog; path = "Preview Assets.xcassets"; sourceTree = "<group>"; };
		6AAF22B02AA1D0F500DB0B5F /* FengNiao.entitlements */ = {isa = PBXFileReference; lastKnownFileType = text.plist.entitlements; path = FengNiao.entitlements; sourceTree = "<group>"; };
		6AE869F92AA1D35500DCF78B /* FengNiao */ = {isa = PBXFileReference; lastKnownFileType = wrapper; name = FengNiao; path = ..; sourceTree = "<group>"; };
		6AE869FD2AA1D58E00DCF78B /* AppViewModel.swift */ = {isa = PBXFileReference; lastKnownFileType = sourcecode.swift; path = AppViewModel.swift; sourceTree = "<group>"; };
		6AE869FF2AA1D5D800DCF78B /* DeleteView.swift */ = {isa = PBXFileReference; lastKnownFileType = sourcecode.swift; path = DeleteView.swift; sourceTree = "<group>"; };
		6AE86A012AA1D5F700DCF78B /* DeleteViewModel.swift */ = {isa = PBXFileReference; lastKnownFileType = sourcecode.swift; path = DeleteViewModel.swift; sourceTree = "<group>"; };
		6AE86A032AA1D61600DCF78B /* ExportView.swift */ = {isa = PBXFileReference; lastKnownFileType = sourcecode.swift; path = ExportView.swift; sourceTree = "<group>"; };
/* End PBXFileReference section */

/* Begin PBXFrameworksBuildPhase section */
		6AAF22A12AA1D0F400DB0B5F /* Frameworks */ = {
			isa = PBXFrameworksBuildPhase;
			buildActionMask = 2147483647;
			files = (
				6AE869FC2AA1D41600DCF78B /* FengNiaoKit in Frameworks */,
			);
			runOnlyForDeploymentPostprocessing = 0;
		};
/* End PBXFrameworksBuildPhase section */

/* Begin PBXGroup section */
		6AAF229B2AA1D0F400DB0B5F = {
			isa = PBXGroup;
			children = (
				6AE869F92AA1D35500DCF78B /* FengNiao */,
				6AAF22A62AA1D0F400DB0B5F /* macOS */,
				6AAF22A52AA1D0F400DB0B5F /* Products */,
				6AAF22B62AA1D1C900DB0B5F /* Resources */,
				6AE869FA2AA1D41600DCF78B /* Frameworks */,
			);
			sourceTree = "<group>";
		};
		6AAF22A52AA1D0F400DB0B5F /* Products */ = {
			isa = PBXGroup;
			children = (
				6AAF22A42AA1D0F400DB0B5F /* FengNiao.app */,
			);
			name = Products;
			sourceTree = "<group>";
		};
		6AAF22A62AA1D0F400DB0B5F /* macOS */ = {
			isa = PBXGroup;
			children = (
				6AAF22A92AA1D0F400DB0B5F /* AppView.swift */,
				6AE869FD2AA1D58E00DCF78B /* AppViewModel.swift */,
				6AE869FF2AA1D5D800DCF78B /* DeleteView.swift */,
				6AE86A012AA1D5F700DCF78B /* DeleteViewModel.swift */,
				6AE86A032AA1D61600DCF78B /* ExportView.swift */,
				6AAF22A72AA1D0F400DB0B5F /* FengNiaoApp.swift */,
				6AAF22AD2AA1D0F500DB0B5F /* Preview Content */,
			);
			path = macOS;
			sourceTree = "<group>";
		};
		6AAF22AD2AA1D0F500DB0B5F /* Preview Content */ = {
			isa = PBXGroup;
			children = (
				6AAF22AE2AA1D0F500DB0B5F /* Preview Assets.xcassets */,
			);
			path = "Preview Content";
			sourceTree = "<group>";
		};
		6AAF22B62AA1D1C900DB0B5F /* Resources */ = {
			isa = PBXGroup;
			children = (
				6AAF22B02AA1D0F500DB0B5F /* FengNiao.entitlements */,
				6AAF22AB2AA1D0F500DB0B5F /* Assets.xcassets */,
			);
			path = Resources;
			sourceTree = "<group>";
		};
		6AE869FA2AA1D41600DCF78B /* Frameworks */ = {
			isa = PBXGroup;
			children = (
			);
			name = Frameworks;
			sourceTree = "<group>";
		};
/* End PBXGroup section */

/* Begin PBXNativeTarget section */
		6AAF22A32AA1D0F400DB0B5F /* fengniao */ = {
			isa = PBXNativeTarget;
			buildConfigurationList = 6AAF22B32AA1D0F500DB0B5F /* Build configuration list for PBXNativeTarget "fengniao" */;
			buildPhases = (
				6AAF22A02AA1D0F400DB0B5F /* Sources */,
				6AAF22A12AA1D0F400DB0B5F /* Frameworks */,
				6AAF22A22AA1D0F400DB0B5F /* Resources */,
			);
			buildRules = (
			);
			dependencies = (
			);
			name = fengniao;
			packageProductDependencies = (
				6AE869FB2AA1D41600DCF78B /* FengNiaoKit */,
			);
			productName = fengniao;
			productReference = 6AAF22A42AA1D0F400DB0B5F /* FengNiao.app */;
			productType = "com.apple.product-type.application";
		};
/* End PBXNativeTarget section */

/* Begin PBXProject section */
		6AAF229C2AA1D0F400DB0B5F /* Project object */ = {
			isa = PBXProject;
			attributes = {
				BuildIndependentTargetsInParallel = 1;
				LastSwiftUpdateCheck = 1430;
				LastUpgradeCheck = 1430;
				TargetAttributes = {
					6AAF22A32AA1D0F400DB0B5F = {
						CreatedOnToolsVersion = 14.3;
					};
				};
			};
			buildConfigurationList = 6AAF229F2AA1D0F400DB0B5F /* Build configuration list for PBXProject "fengniao" */;
			compatibilityVersion = "Xcode 14.0";
			developmentRegion = en;
			hasScannedForEncodings = 0;
			knownRegions = (
				en,
				Base,
			);
			mainGroup = 6AAF229B2AA1D0F400DB0B5F;
			productRefGroup = 6AAF22A52AA1D0F400DB0B5F /* Products */;
			projectDirPath = "";
			projectRoot = "";
			targets = (
				6AAF22A32AA1D0F400DB0B5F /* fengniao */,
			);
		};
/* End PBXProject section */

/* Begin PBXResourcesBuildPhase section */
		6AAF22A22AA1D0F400DB0B5F /* Resources */ = {
			isa = PBXResourcesBuildPhase;
			buildActionMask = 2147483647;
			files = (
				6AAF22AF2AA1D0F500DB0B5F /* Preview Assets.xcassets in Resources */,
				6AAF22AC2AA1D0F500DB0B5F /* Assets.xcassets in Resources */,
			);
			runOnlyForDeploymentPostprocessing = 0;
		};
/* End PBXResourcesBuildPhase section */

/* Begin PBXSourcesBuildPhase section */
		6AAF22A02AA1D0F400DB0B5F /* Sources */ = {
			isa = PBXSourcesBuildPhase;
			buildActionMask = 2147483647;
			files = (
				6AE86A022AA1D5F700DCF78B /* DeleteViewModel.swift in Sources */,
				6AAF22AA2AA1D0F400DB0B5F /* AppView.swift in Sources */,
				6AE86A042AA1D61600DCF78B /* ExportView.swift in Sources */,
				6AE86A002AA1D5D800DCF78B /* DeleteView.swift in Sources */,
				6AAF22A82AA1D0F400DB0B5F /* FengNiaoApp.swift in Sources */,
				6AE869FE2AA1D58E00DCF78B /* AppViewModel.swift in Sources */,
			);
			runOnlyForDeploymentPostprocessing = 0;
		};
/* End PBXSourcesBuildPhase section */

/* Begin XCBuildConfiguration section */
		6AAF22B12AA1D0F500DB0B5F /* Debug */ = {
			isa = XCBuildConfiguration;
			buildSettings = {
				ALWAYS_SEARCH_USER_PATHS = NO;
				CLANG_ANALYZER_NONNULL = YES;
				CLANG_ANALYZER_NUMBER_OBJECT_CONVERSION = YES_AGGRESSIVE;
				CLANG_CXX_LANGUAGE_STANDARD = "gnu++20";
				CLANG_ENABLE_MODULES = YES;
				CLANG_ENABLE_OBJC_ARC = YES;
				CLANG_ENABLE_OBJC_WEAK = YES;
				CLANG_WARN_BLOCK_CAPTURE_AUTORELEASING = YES;
				CLANG_WARN_BOOL_CONVERSION = YES;
				CLANG_WARN_COMMA = YES;
				CLANG_WARN_CONSTANT_CONVERSION = YES;
				CLANG_WARN_DEPRECATED_OBJC_IMPLEMENTATIONS = YES;
				CLANG_WARN_DIRECT_OBJC_ISA_USAGE = YES_ERROR;
				CLANG_WARN_DOCUMENTATION_COMMENTS = YES;
				CLANG_WARN_EMPTY_BODY = YES;
				CLANG_WARN_ENUM_CONVERSION = YES;
				CLANG_WARN_INFINITE_RECURSION = YES;
				CLANG_WARN_INT_CONVERSION = YES;
				CLANG_WARN_NON_LITERAL_NULL_CONVERSION = YES;
				CLANG_WARN_OBJC_IMPLICIT_RETAIN_SELF = YES;
				CLANG_WARN_OBJC_LITERAL_CONVERSION = YES;
				CLANG_WARN_OBJC_ROOT_CLASS = YES_ERROR;
				CLANG_WARN_QUOTED_INCLUDE_IN_FRAMEWORK_HEADER = YES;
				CLANG_WARN_RANGE_LOOP_ANALYSIS = YES;
				CLANG_WARN_STRICT_PROTOTYPES = YES;
				CLANG_WARN_SUSPICIOUS_MOVE = YES;
				CLANG_WARN_UNGUARDED_AVAILABILITY = YES_AGGRESSIVE;
				CLANG_WARN_UNREACHABLE_CODE = YES;
				CLANG_WARN__DUPLICATE_METHOD_MATCH = YES;
				COPY_PHASE_STRIP = NO;
				DEBUG_INFORMATION_FORMAT = dwarf;
				ENABLE_STRICT_OBJC_MSGSEND = YES;
				ENABLE_TESTABILITY = YES;
				GCC_C_LANGUAGE_STANDARD = gnu11;
				GCC_DYNAMIC_NO_PIC = NO;
				GCC_NO_COMMON_BLOCKS = YES;
				GCC_OPTIMIZATION_LEVEL = 0;
				GCC_PREPROCESSOR_DEFINITIONS = (
					"DEBUG=1",
					"$(inherited)",
				);
				GCC_WARN_64_TO_32_BIT_CONVERSION = YES;
				GCC_WARN_ABOUT_RETURN_TYPE = YES_ERROR;
				GCC_WARN_UNDECLARED_SELECTOR = YES;
				GCC_WARN_UNINITIALIZED_AUTOS = YES_AGGRESSIVE;
				GCC_WARN_UNUSED_FUNCTION = YES;
				GCC_WARN_UNUSED_VARIABLE = YES;
				MACOSX_DEPLOYMENT_TARGET = 12.0;
				MTL_ENABLE_DEBUG_INFO = INCLUDE_SOURCE;
				MTL_FAST_MATH = YES;
				ONLY_ACTIVE_ARCH = YES;
				SDKROOT = macosx;
				SWIFT_ACTIVE_COMPILATION_CONDITIONS = DEBUG;
				SWIFT_OPTIMIZATION_LEVEL = "-Onone";
			};
			name = Debug;
		};
		6AAF22B22AA1D0F500DB0B5F /* Release */ = {
			isa = XCBuildConfiguration;
			buildSettings = {
				ALWAYS_SEARCH_USER_PATHS = NO;
				CLANG_ANALYZER_NONNULL = YES;
				CLANG_ANALYZER_NUMBER_OBJECT_CONVERSION = YES_AGGRESSIVE;
				CLANG_CXX_LANGUAGE_STANDARD = "gnu++20";
				CLANG_ENABLE_MODULES = YES;
				CLANG_ENABLE_OBJC_ARC = YES;
				CLANG_ENABLE_OBJC_WEAK = YES;
				CLANG_WARN_BLOCK_CAPTURE_AUTORELEASING = YES;
				CLANG_WARN_BOOL_CONVERSION = YES;
				CLANG_WARN_COMMA = YES;
				CLANG_WARN_CONSTANT_CONVERSION = YES;
				CLANG_WARN_DEPRECATED_OBJC_IMPLEMENTATIONS = YES;
				CLANG_WARN_DIRECT_OBJC_ISA_USAGE = YES_ERROR;
				CLANG_WARN_DOCUMENTATION_COMMENTS = YES;
				CLANG_WARN_EMPTY_BODY = YES;
				CLANG_WARN_ENUM_CONVERSION = YES;
				CLANG_WARN_INFINITE_RECURSION = YES;
				CLANG_WARN_INT_CONVERSION = YES;
				CLANG_WARN_NON_LITERAL_NULL_CONVERSION = YES;
				CLANG_WARN_OBJC_IMPLICIT_RETAIN_SELF = YES;
				CLANG_WARN_OBJC_LITERAL_CONVERSION = YES;
				CLANG_WARN_OBJC_ROOT_CLASS = YES_ERROR;
				CLANG_WARN_QUOTED_INCLUDE_IN_FRAMEWORK_HEADER = YES;
				CLANG_WARN_RANGE_LOOP_ANALYSIS = YES;
				CLANG_WARN_STRICT_PROTOTYPES = YES;
				CLANG_WARN_SUSPICIOUS_MOVE = YES;
				CLANG_WARN_UNGUARDED_AVAILABILITY = YES_AGGRESSIVE;
				CLANG_WARN_UNREACHABLE_CODE = YES;
				CLANG_WARN__DUPLICATE_METHOD_MATCH = YES;
				COPY_PHASE_STRIP = NO;
				DEBUG_INFORMATION_FORMAT = "dwarf-with-dsym";
				ENABLE_NS_ASSERTIONS = NO;
				ENABLE_STRICT_OBJC_MSGSEND = YES;
				GCC_C_LANGUAGE_STANDARD = gnu11;
				GCC_NO_COMMON_BLOCKS = YES;
				GCC_WARN_64_TO_32_BIT_CONVERSION = YES;
				GCC_WARN_ABOUT_RETURN_TYPE = YES_ERROR;
				GCC_WARN_UNDECLARED_SELECTOR = YES;
				GCC_WARN_UNINITIALIZED_AUTOS = YES_AGGRESSIVE;
				GCC_WARN_UNUSED_FUNCTION = YES;
				GCC_WARN_UNUSED_VARIABLE = YES;
				MACOSX_DEPLOYMENT_TARGET = 12.0;
				MTL_ENABLE_DEBUG_INFO = NO;
				MTL_FAST_MATH = YES;
				SDKROOT = macosx;
				SWIFT_COMPILATION_MODE = wholemodule;
				SWIFT_OPTIMIZATION_LEVEL = "-O";
			};
			name = Release;
		};
		6AAF22B42AA1D0F500DB0B5F /* Debug */ = {
			isa = XCBuildConfiguration;
			buildSettings = {
				ASSETCATALOG_COMPILER_APPICON_NAME = AppIcon;
				ASSETCATALOG_COMPILER_GLOBAL_ACCENT_COLOR_NAME = AccentColor;
				CODE_SIGN_ENTITLEMENTS = Resources/FengNiao.entitlements;
				CODE_SIGN_STYLE = Automatic;
				COMBINE_HIDPI_IMAGES = YES;
				CURRENT_PROJECT_VERSION = 1;
				DEVELOPMENT_ASSET_PATHS = "\"macOS/Preview Content\"";
				ENABLE_PREVIEWS = YES;
				GENERATE_INFOPLIST_FILE = YES;
				INFOPLIST_KEY_LSApplicationCategoryType = "public.app-category.developer-tools";
				INFOPLIST_KEY_NSHumanReadableCopyright = "";
				LD_RUNPATH_SEARCH_PATHS = (
					"$(inherited)",
					"@executable_path/../Frameworks",
				);
				MACOSX_DEPLOYMENT_TARGET = 12.0;
				MARKETING_VERSION = 1.0.0;
				PRODUCT_BUNDLE_IDENTIFIER = com.onevcat.fengniao;
				PRODUCT_NAME = FengNiao;
				SWIFT_EMIT_LOC_STRINGS = YES;
				SWIFT_VERSION = 5.0;
			};
			name = Debug;
		};
		6AAF22B52AA1D0F500DB0B5F /* Release */ = {
			isa = XCBuildConfiguration;
			buildSettings = {
				ASSETCATALOG_COMPILER_APPICON_NAME = AppIcon;
				ASSETCATALOG_COMPILER_GLOBAL_ACCENT_COLOR_NAME = AccentColor;
				CODE_SIGN_ENTITLEMENTS = Resources/FengNiao.entitlements;
				CODE_SIGN_STYLE = Automatic;
				COMBINE_HIDPI_IMAGES = YES;
				CURRENT_PROJECT_VERSION = 1;
				DEVELOPMENT_ASSET_PATHS = "\"macOS/Preview Content\"";
				ENABLE_PREVIEWS = YES;
				GENERATE_INFOPLIST_FILE = YES;
				INFOPLIST_KEY_LSApplicationCategoryType = "public.app-category.developer-tools";
				INFOPLIST_KEY_NSHumanReadableCopyright = "";
				LD_RUNPATH_SEARCH_PATHS = (
					"$(inherited)",
					"@executable_path/../Frameworks",
				);
				MACOSX_DEPLOYMENT_TARGET = 12.0;
				MARKETING_VERSION = 1.0.0;
				PRODUCT_BUNDLE_IDENTIFIER = com.onevcat.fengniao;
				PRODUCT_NAME = FengNiao;
				SWIFT_EMIT_LOC_STRINGS = YES;
				SWIFT_VERSION = 5.0;
			};
			name = Release;
		};
/* End XCBuildConfiguration section */

/* Begin XCConfigurationList section */
		6AAF229F2AA1D0F400DB0B5F /* Build configuration list for PBXProject "fengniao" */ = {
			isa = XCConfigurationList;
			buildConfigurations = (
				6AAF22B12AA1D0F500DB0B5F /* Debug */,
				6AAF22B22AA1D0F500DB0B5F /* Release */,
			);
			defaultConfigurationIsVisible = 0;
			defaultConfigurationName = Release;
		};
		6AAF22B32AA1D0F500DB0B5F /* Build configuration list for PBXNativeTarget "fengniao" */ = {
			isa = XCConfigurationList;
			buildConfigurations = (
				6AAF22B42AA1D0F500DB0B5F /* Debug */,
				6AAF22B52AA1D0F500DB0B5F /* Release */,
			);
			defaultConfigurationIsVisible = 0;
			defaultConfigurationName = Release;
		};
/* End XCConfigurationList section */

/* Begin XCSwiftPackageProductDependency section */
		6AE869FB2AA1D41600DCF78B /* FengNiaoKit */ = {
			isa = XCSwiftPackageProductDependency;
			productName = FengNiaoKit;
		};
/* End XCSwiftPackageProductDependency section */
	};
	rootObject = 6AAF229C2AA1D0F400DB0B5F /* Project object */;
}
